
Microsoft Visual Studio Solution File, Format Version 12.00
# Visual Studio Version 17
VisualStudioVersion = 17.8.34408.163
MinimumVisualStudioVersion = 10.0.40219.1
Project("{8BC9CEB8-8B4A-11D0-8D11-00A0C91BC942}") = "task#1", "task#1.vcxproj", "{5C643C19-4738-4220-87DE-D13E1F07D83C}"
EndProject
Global
	GlobalSection(SolutionConfigurationPlatforms) = preSolution
		Debug|x64 = Debug|x64
		Debug|x86 = Debug|x86
		Release|x64 = Release|x64
		Release|x86 = Release|x86
	EndGlobalSection
	GlobalSection(ProjectConfigurationPlatforms) = postSolution
		{5C643C19-4738-4220-87DE-D13E1F07D83C}.Debug|x64.ActiveCfg = Debug|x64
		{5C643C19-4738-4220-87DE-D13E1F07D83C}.Debug|x64.Build.0 = Debug|x64
		{5C643C19-4738-4220-87DE-D13E1F07D83C}.Debug|x86.ActiveCfg = Debug|Win32
		{5C643C19-4738-4220-87DE-D13E1F07D83C}.Debug|x86.Build.0 = Debug|Win32
		{5C643C19-4738-4220-87DE-D13E1F07D83C}.Release|x64.ActiveCfg = Release|x64
		{5C643C19-4738-4220-87DE-D13E1F07D83C}.Release|x64.Build.0 = Release|x64
		{5C643C19-4738-4220-87DE-D13E1F07D83C}.Release|x86.ActiveCfg = Release|Win32
		{5C643C19-4738-4220-87DE-D13E1F07D83C}.Release|x86.Build.0 = Release|Win32
	EndGlobalSection
	GlobalSection(SolutionProperties) = preSolution
		HideSolutionNode = FALSE
	EndGlobalSection
	GlobalSection(ExtensibilityGlobals) = postSolution
		SolutionGuid = {2C9C58E4-2D82-4DF7-8C6A-D6156C015250}
	EndGlobalSection
EndGlobal
